%{"certifi": {:hex, :certifi, "0.1.1", "7fd287d0fea2d65e99f5bef3b8573fa46f4310078709be969adcbc93a580ee73", [:rebar], []},
  "dogma": {:hex, :dogma, "0.1.7", "927f76a89a809db96e0983b922fc899f601352690aefa123529b8aa0c45123b2", [:mix], [{:poison, ">= 1.0.0", [hex: :poison, optional: false]}]},
  "earmark": {:hex, :earmark, "0.1.19", "ffec54f520a11b711532c23d8a52b75a74c09697062d10613fa2dbdf8a9db36e", [:mix], []},
  "ex_doc": {:hex, :ex_doc, "0.10.0", "f49c237250b829df986486b38f043e6f8e19d19b41101987f7214543f75947ec", [:mix], [{:earmark, "~> 0.1.17 or ~> 0.2", [hex: :earmark, optional: true]}]},
  "exactor": {:hex, :exactor, "2.2.0", "2a7418b82d974fe8276edd62c1facf4a9dc06339cdf11b5dcd10359e107fe5c3", [:mix], []},
  "excoveralls": {:hex, :excoveralls, "0.5.5", "d97b6fc7aa59c5f04f2fa7ec40fc0b7555ceea2a5f7e7c442aad98ddd7f79002", [:mix], [{:hackney, ">= 0.12.0", [hex: :hackney, optional: false]}, {:exjsx, "~> 3.0", [hex: :exjsx, optional: false]}]},
  "exjsx": {:hex, :exjsx, "3.2.0", "7136cc739ace295fc74c378f33699e5145bead4fdc1b4799822d0287489136fb", [:mix], [{:jsx, "~> 2.6.2", [hex: :jsx, optional: false]}]},
  "exvcr": {:hex, :exvcr, "0.7.4", "9e7b4cf5f91ecfabdac7a375610633b28288795503bdff0eb8763c275d367657", [:mix], [{:meck, "~> 0.8.3", [hex: :meck, optional: false]}, {:httpotion, "~> 2.1", [hex: :httpotion, optional: true]}, {:httpoison, "~> 0.8", [hex: :httpoison, optional: true]}, {:exjsx, "~> 3.2", [hex: :exjsx, optional: false]}, {:exactor, "~> 2.2", [hex: :exactor, optional: false]}]},
  "hackney": {:hex, :hackney, "1.4.4", "c4e9fd8d77c79f03c09712500780077aeb6cdfe7bab3f4c56cb87d337a7526d7", [:rebar3], [{:ssl_verify_hostname, "1.0.5", [hex: :ssl_verify_hostname, optional: false]}, {:mimerl, "1.0.0", [hex: :mimerl, optional: false]}, {:idna, "1.0.2", [hex: :idna, optional: false]}, {:certifi, "0.1.1", [hex: :certifi, optional: false]}]},
  "httpoison": {:hex, :httpoison, "0.8.0", "52a958d40b2aa46da418cdf6d8dfd82ba83e94d5e60920dfa5f40c05b34fe073", [:mix], [{:hackney, "~> 1.4.4", [hex: :hackney, optional: false]}]},
  "idna": {:hex, :idna, "1.0.2", "397e3d001c002319da75759b0a81156bf11849c71d565162436d50020cb7265e", [:make], []},
  "jsx": {:hex, :jsx, "2.6.2", "213721e058da0587a4bce3cc8a00ff6684ced229c8f9223245c6ff2c88fbaa5a", [:mix, :rebar], []},
  "meck": {:hex, :meck, "0.8.4", "59ca1cd971372aa223138efcf9b29475bde299e1953046a0c727184790ab1520", [:rebar, :make], []},
  "mimerl": {:hex, :mimerl, "1.0.0", "b9813e0fa1019420da8c8001748d7c34791fd49464cb28762bc22638b1ff6198", [:rebar3], []},
  "mimetype_parser": {:hex, :mimetype_parser, "0.1.0", "069fcf6aa98b1eb90d879b3035f3392acecef1ee212ddc59fa930a6cc15d85e3", [:mix], []},
  "oauth2": {:hex, :oauth2, "0.5.0", "bb46ad20f060540c2726c993b4661a9f89b7acec5568ceae7009560358fbc765", [:mix], [{:poison, "~> 1.3", [hex: :poison, optional: false]}, {:mimetype_parser, "~> 0.1", [hex: :mimetype_parser, optional: false]}, {:httpoison, "~> 0.7", [hex: :httpoison, optional: false]}]},
  "plug": {:hex, :plug, "1.1.0", "69078a481549b81e879e169fbe099a509baf8d6a793db757f39f86258f91db07", [:mix], [{:cowboy, "~> 1.0", [hex: :cowboy, optional: true]}]},
  "poison": {:hex, :poison, "1.5.2", "560bdfb7449e3ddd23a096929fb9fc2122f709bcc758b2d5d5a5c7d0ea848910", [:mix], []},
  "ssl_verify_hostname": {:hex, :ssl_verify_hostname, "1.0.5", "2e73e068cd6393526f9fa6d399353d7c9477d6886ba005f323b592d389fb47be", [:make], []},
  "ueberauth": {:hex, :ueberauth, "0.2.0", "9160c601b468c6692462a56be7ad8890d1a2d84519d7d9c4541da5b07d6495e1", [:mix], [{:plug, "~> 1.0", [hex: :plug, optional: false]}]}}
